
Microsoft Visual Studio Solution File, Format Version 12.00
# Visual Studio 14
VisualStudioVersion = 14.0.25420.1
MinimumVisualStudioVersion = 10.0.40219.1
Project("{FAE04EC0-301F-11D3-BF4B-00C04F79EFBC}") = "Snaphanerne", "Snaphanerne\Snaphanerne.csproj", "{7CA2EC72-5EAD-464D-9DB1-6BFA78A48BAF}"
EndProject
Global
	GlobalSection(SolutionConfigurationPlatforms) = preSolution
		Debug|Any CPU = Debug|Any CPU
		Release|Any CPU = Release|Any CPU
	EndGlobalSection
	GlobalSection(ProjectConfigurationPlatforms) = postSolution
		{7CA2EC72-5EAD-464D-9DB1-6BFA78A48BAF}.Debug|Any CPU.ActiveCfg = Debug|Any CPU
		{7CA2EC72-5EAD-464D-9DB1-6BFA78A48BAF}.Debug|Any CPU.Build.0 = Debug|Any CPU
		{7CA2EC72-5EAD-464D-9DB1-6BFA78A48BAF}.Release|Any CPU.ActiveCfg = Release|Any CPU
		{7CA2EC72-5EAD-464D-9DB1-6BFA78A48BAF}.Release|Any CPU.Build.0 = Release|Any CPU
	EndGlobalSection
	GlobalSection(SolutionProperties) = preSolution
		HideSolutionNode = FALSE
	EndGlobalSection
EndGlobal
